// !$*UTF8*$!
{
	archiveVersion = 1;
	classes = {
	};
	objectVersion = 77;
	objects = {

/* Begin PBXBuildFile section */
		C52BF91D2E6A252F007C3F29 /* FirebaseAI in Frameworks */ = {isa = PBXBuildFile; productRef = C52BF91C2E6A252F007C3F29 /* FirebaseAI */; };
		C52BF91F2E6A252F007C3F29 /* FirebaseAnalytics in Frameworks */ = {isa = PBXBuildFile; productRef = C52BF91E2E6A252F007C3F29 /* FirebaseAnalytics */; };
		C52BF9212E6A252F007C3F29 /* FirebaseAnalyticsCore in Frameworks */ = {isa = PBXBuildFile; productRef = C52BF9202E6A252F007C3F29 /* FirebaseAnalyticsCore */; };
		C52BF9232E6A252F007C3F29 /* FirebaseAppCheck in Frameworks */ = {isa = PBXBuildFile; productRef = C52BF9222E6A252F007C3F29 /* FirebaseAppCheck */; };
		C52BF9252E6A2A18007C3F29 /* FirebaseDatabase in Frameworks */ = {isa = PBXBuildFile; productRef = C52BF9242E6A2A18007C3F29 /* FirebaseDatabase */; };
		C52BF9272E6A2A18007C3F29 /* FirebaseFirestore in Frameworks */ = {isa = PBXBuildFile; productRef = C52BF9262E6A2A18007C3F29 /* FirebaseFirestore */; };
		C52BF9292E6A2B9D007C3F29 /* FirebaseFunctions in Frameworks */ = {isa = PBXBuildFile; productRef = C52BF9282E6A2B9D007C3F29 /* FirebaseFunctions */; };
		C52BF92D2E6AB8BC007C3F29 /* FirebaseAuth in Frameworks */ = {isa = PBXBuildFile; productRef = C52BF92C2E6AB8BC007C3F29 /* FirebaseAuth */; };
/* End PBXBuildFile section */

/* Begin PBXContainerItemProxy section */
		C52BF8F92E6A1774007C3F29 /* PBXContainerItemProxy */ = {
			isa = PBXContainerItemProxy;
			containerPortal = C52BF8E32E6A1773007C3F29 /* Project object */;
			proxyType = 1;
			remoteGlobalIDString = C52BF8EA2E6A1773007C3F29;
			remoteInfo = "Lock In";
		};
		C52BF9032E6A1774007C3F29 /* PBXContainerItemProxy */ = {
			isa = PBXContainerItemProxy;
			containerPortal = C52BF8E32E6A1773007C3F29 /* Project object */;
			proxyType = 1;
			remoteGlobalIDString = C52BF8EA2E6A1773007C3F29;
			remoteInfo = "Lock In";
		};
/* End PBXContainerItemProxy section */

/* Begin PBXFileReference section */
		C52BF8EB2E6A1773007C3F29 /* Lock In.app */ = {isa = PBXFileReference; explicitFileType = wrapper.application; includeInIndex = 0; path = "Lock In.app"; sourceTree = BUILT_PRODUCTS_DIR; };
		C52BF8F82E6A1774007C3F29 /* Lock InTests.xctest */ = {isa = PBXFileReference; explicitFileType = wrapper.cfbundle; includeInIndex = 0; path = "Lock InTests.xctest"; sourceTree = BUILT_PRODUCTS_DIR; };
		C52BF9022E6A1774007C3F29 /* Lock InUITests.xctest */ = {isa = PBXFileReference; explicitFileType = wrapper.cfbundle; includeInIndex = 0; path = "Lock InUITests.xctest"; sourceTree = BUILT_PRODUCTS_DIR; };
/* End PBXFileReference section */

/* Begin PBXFileSystemSynchronizedBuildFileExceptionSet section */
		C52BF9192E6A243A007C3F29 /* Exceptions for "Lock In" folder in "Lock InTests" target */ = {
			isa = PBXFileSystemSynchronizedBuildFileExceptionSet;
			membershipExceptions = (
				"GoogleService-Info.plist",
			);
			target = C52BF8F72E6A1774007C3F29 /* Lock InTests */;
		};
		C52BF91A2E6A243A007C3F29 /* Exceptions for "Lock In" folder in "Lock InUITests" target */ = {
			isa = PBXFileSystemSynchronizedBuildFileExceptionSet;
			membershipExceptions = (
				"GoogleService-Info.plist",
			);
			target = C52BF9012E6A1774007C3F29 /* Lock InUITests */;
		};
/* End PBXFileSystemSynchronizedBuildFileExceptionSet section */

/* Begin PBXFileSystemSynchronizedRootGroup section */
		C52BF8ED2E6A1773007C3F29 /* Lock In */ = {
			isa = PBXFileSystemSynchronizedRootGroup;
			exceptions = (
				C52BF9192E6A243A007C3F29 /* Exceptions for "Lock In" folder in "Lock InTests" target */,
				C52BF91A2E6A243A007C3F29 /* Exceptions for "Lock In" folder in "Lock InUITests" target */,
			);
			path = "Lock In";
			sourceTree = "<group>";
		};
		C52BF8FB2E6A1774007C3F29 /* Lock InTests */ = {
			isa = PBXFileSystemSynchronizedRootGroup;
			path = "Lock InTests";
			sourceTree = "<group>";
		};
		C52BF9052E6A1774007C3F29 /* Lock InUITests */ = {
			isa = PBXFileSystemSynchronizedRootGroup;
			path = "Lock InUITests";
			sourceTree = "<group>";
		};
/* End PBXFileSystemSynchronizedRootGroup section */

/* Begin PBXFrameworksBuildPhase section */
		C52BF8E82E6A1773007C3F29 /* Frameworks */ = {
			isa = PBXFrameworksBuildPhase;
			buildActionMask = 2147483647;
			files = (
				C52BF9252E6A2A18007C3F29 /* FirebaseDatabase in Frameworks */,
				C52BF9292E6A2B9D007C3F29 /* FirebaseFunctions in Frameworks */,
				C52BF9232E6A252F007C3F29 /* FirebaseAppCheck in Frameworks */,
				C52BF91F2E6A252F007C3F29 /* FirebaseAnalytics in Frameworks */,
				C52BF9212E6A252F007C3F29 /* FirebaseAnalyticsCore in Frameworks */,
				C52BF91D2E6A252F007C3F29 /* FirebaseAI in Frameworks */,
				C52BF9272E6A2A18007C3F29 /* FirebaseFirestore in Frameworks */,
				C52BF92D2E6AB8BC007C3F29 /* FirebaseAuth in Frameworks */,
			);
			runOnlyForDeploymentPostprocessing = 0;
		};
		C52BF8F52E6A1774007C3F29 /* Frameworks */ = {
			isa = PBXFrameworksBuildPhase;
			buildActionMask = 2147483647;
			files = (
			);
			runOnlyForDeploymentPostprocessing = 0;
		};
		C52BF8FF2E6A1774007C3F29 /* Frameworks */ = {
			isa = PBXFrameworksBuildPhase;
			buildActionMask = 2147483647;
			files = (
			);
			runOnlyForDeploymentPostprocessing = 0;
		};
/* End PBXFrameworksBuildPhase section */

/* Begin PBXGroup section */
		C52BF8E22E6A1773007C3F29 = {
			isa = PBXGroup;
			children = (
				C52BF8ED2E6A1773007C3F29 /* Lock In */,
				C52BF8FB2E6A1774007C3F29 /* Lock InTests */,
				C52BF9052E6A1774007C3F29 /* Lock InUITests */,
				C52BF8EC2E6A1773007C3F29 /* Products */,
			);
			sourceTree = "<group>";
		};
		C52BF8EC2E6A1773007C3F29 /* Products */ = {
			isa = PBXGroup;
			children = (
				C52BF8EB2E6A1773007C3F29 /* Lock In.app */,
				C52BF8F82E6A1774007C3F29 /* Lock InTests.xctest */,
				C52BF9022E6A1774007C3F29 /* Lock InUITests.xctest */,
			);
			name = Products;
			sourceTree = "<group>";
		};
/* End PBXGroup section */

/* Begin PBXNativeTarget section */
		C52BF8EA2E6A1773007C3F29 /* Lock In */ = {
			isa = PBXNativeTarget;
			buildConfigurationList = C52BF90C2E6A1774007C3F29 /* Build configuration list for PBXNativeTarget "Lock In" */;
			buildPhases = (
				C52BF8E72E6A1773007C3F29 /* Sources */,
				C52BF8E82E6A1773007C3F29 /* Frameworks */,
				C52BF8E92E6A1773007C3F29 /* Resources */,
			);
			buildRules = (
			);
			dependencies = (
			);
			fileSystemSynchronizedGroups = (
				C52BF8ED2E6A1773007C3F29 /* Lock In */,
			);
			name = "Lock In";
			packageProductDependencies = (
				C52BF91C2E6A252F007C3F29 /* FirebaseAI */,
				C52BF91E2E6A252F007C3F29 /* FirebaseAnalytics */,
				C52BF9202E6A252F007C3F29 /* FirebaseAnalyticsCore */,
				C52BF9222E6A252F007C3F29 /* FirebaseAppCheck */,
				C52BF9242E6A2A18007C3F29 /* FirebaseDatabase */,
				C52BF9262E6A2A18007C3F29 /* FirebaseFirestore */,
				C52BF9282E6A2B9D007C3F29 /* FirebaseFunctions */,
				C52BF92C2E6AB8BC007C3F29 /* FirebaseAuth */,
			);
			productName = "Lock In";
			productReference = C52BF8EB2E6A1773007C3F29 /* Lock In.app */;
			productType = "com.apple.product-type.application";
		};
		C52BF8F72E6A1774007C3F29 /* Lock InTests */ = {
			isa = PBXNativeTarget;
			buildConfigurationList = C52BF90F2E6A1774007C3F29 /* Build configuration list for PBXNativeTarget "Lock InTests" */;
			buildPhases = (
				C52BF8F42E6A1774007C3F29 /* Sources */,
				C52BF8F52E6A1774007C3F29 /* Frameworks */,
				C52BF8F62E6A1774007C3F29 /* Resources */,
			);
			buildRules = (
			);
			dependencies = (
				C52BF8FA2E6A1774007C3F29 /* PBXTargetDependency */,
			);
			fileSystemSynchronizedGroups = (
				C52BF8FB2E6A1774007C3F29 /* Lock InTests */,
			);
			name = "Lock InTests";
			packageProductDependencies = (
			);
			productName = "Lock InTests";
			productReference = C52BF8F82E6A1774007C3F29 /* Lock InTests.xctest */;
			productType = "com.apple.product-type.bundle.unit-test";
		};
		C52BF9012E6A1774007C3F29 /* Lock InUITests */ = {
			isa = PBXNativeTarget;
			buildConfigurationList = C52BF9122E6A1774007C3F29 /* Build configuration list for PBXNativeTarget "Lock InUITests" */;
			buildPhases = (
				C52BF8FE2E6A1774007C3F29 /* Sources */,
				C52BF8FF2E6A1774007C3F29 /* Frameworks */,
				C52BF9002E6A1774007C3F29 /* Resources */,
			);
			buildRules = (
			);
			dependencies = (
				C52BF9042E6A1774007C3F29 /* PBXTargetDependency */,
			);
			fileSystemSynchronizedGroups = (
				C52BF9052E6A1774007C3F29 /* Lock InUITests */,
			);
			name = "Lock InUITests";
			packageProductDependencies = (
			);
			productName = "Lock InUITests";
			productReference = C52BF9022E6A1774007C3F29 /* Lock InUITests.xctest */;
			productType = "com.apple.product-type.bundle.ui-testing";
		};
/* End PBXNativeTarget section */

/* Begin PBXProject section */
		C52BF8E32E6A1773007C3F29 /* Project object */ = {
			isa = PBXProject;
			attributes = {
				BuildIndependentTargetsInParallel = 1;
				LastSwiftUpdateCheck = 1640;
				LastUpgradeCheck = 1640;
				TargetAttributes = {
					C52BF8EA2E6A1773007C3F29 = {
						CreatedOnToolsVersion = 16.4;
					};
					C52BF8F72E6A1774007C3F29 = {
						CreatedOnToolsVersion = 16.4;
						TestTargetID = C52BF8EA2E6A1773007C3F29;
					};
					C52BF9012E6A1774007C3F29 = {
						CreatedOnToolsVersion = 16.4;
						TestTargetID = C52BF8EA2E6A1773007C3F29;
					};
				};
			};
			buildConfigurationList = C52BF8E62E6A1773007C3F29 /* Build configuration list for PBXProject "Lock In" */;
			developmentRegion = en;
			hasScannedForEncodings = 0;
			knownRegions = (
				en,
				Base,
			);
			mainGroup = C52BF8E22E6A1773007C3F29;
			minimizedProjectReferenceProxies = 1;
			packageReferences = (
				C52BF91B2E6A252F007C3F29 /* XCRemoteSwiftPackageReference "firebase-ios-sdk" */,
			);
			preferredProjectObjectVersion = 77;
			productRefGroup = C52BF8EC2E6A1773007C3F29 /* Products */;
			projectDirPath = "";
			projectRoot = "";
			targets = (
				C52BF8EA2E6A1773007C3F29 /* Lock In */,
				C52BF8F72E6A1774007C3F29 /* Lock InTests */,
				C52BF9012E6A1774007C3F29 /* Lock InUITests */,
			);
		};
/* End PBXProject section */

/* Begin PBXResourcesBuildPhase section */
		C52BF8E92E6A1773007C3F29 /* Resources */ = {
			isa = PBXResourcesBuildPhase;
			buildActionMask = 2147483647;
			files = (
			);
			runOnlyForDeploymentPostprocessing = 0;
		};
		C52BF8F62E6A1774007C3F29 /* Resources */ = {
			isa = PBXResourcesBuildPhase;
			buildActionMask = 2147483647;
			files = (
			);
			runOnlyForDeploymentPostprocessing = 0;
		};
		C52BF9002E6A1774007C3F29 /* Resources */ = {
			isa = PBXResourcesBuildPhase;
			buildActionMask = 2147483647;
			files = (
			);
			runOnlyForDeploymentPostprocessing = 0;
		};
/* End PBXResourcesBuildPhase section */

/* Begin PBXSourcesBuildPhase section */
		C52BF8E72E6A1773007C3F29 /* Sources */ = {
			isa = PBXSourcesBuildPhase;
			buildActionMask = 2147483647;
			files = (
			);
			runOnlyForDeploymentPostprocessing = 0;
		};
		C52BF8F42E6A1774007C3F29 /* Sources */ = {
			isa = PBXSourcesBuildPhase;
			buildActionMask = 2147483647;
			files = (
			);
			runOnlyForDeploymentPostprocessing = 0;
		};
		C52BF8FE2E6A1774007C3F29 /* Sources */ = {
			isa = PBXSourcesBuildPhase;
			buildActionMask = 2147483647;
			files = (
			);
			runOnlyForDeploymentPostprocessing = 0;
		};
/* End PBXSourcesBuildPhase section */

/* Begin PBXTargetDependency section */
		C52BF8FA2E6A1774007C3F29 /* PBXTargetDependency */ = {
			isa = PBXTargetDependency;
			target = C52BF8EA2E6A1773007C3F29 /* Lock In */;
			targetProxy = C52BF8F92E6A1774007C3F29 /* PBXContainerItemProxy */;
		};
		C52BF9042E6A1774007C3F29 /* PBXTargetDependency */ = {
			isa = PBXTargetDependency;
			target = C52BF8EA2E6A1773007C3F29 /* Lock In */;
			targetProxy = C52BF9032E6A1774007C3F29 /* PBXContainerItemProxy */;
		};
/* End PBXTargetDependency section */

/* Begin XCBuildConfiguration section */
		C52BF90A2E6A1774007C3F29 /* Debug */ = {
			isa = XCBuildConfiguration;
			buildSettings = {
				ALWAYS_SEARCH_USER_PATHS = NO;
				ASSETCATALOG_COMPILER_GENERATE_SWIFT_ASSET_SYMBOL_EXTENSIONS = YES;
				CLANG_ANALYZER_NONNULL = YES;
				CLANG_ANALYZER_NUMBER_OBJECT_CONVERSION = YES_AGGRESSIVE;
				CLANG_CXX_LANGUAGE_STANDARD = "gnu++20";
				CLANG_ENABLE_MODULES = YES;
				CLANG_ENABLE_OBJC_ARC = YES;
				CLANG_ENABLE_OBJC_WEAK = YES;
				CLANG_WARN_BLOCK_CAPTURE_AUTORELEASING = YES;
				CLANG_WARN_BOOL_CONVERSION = YES;
				CLANG_WARN_COMMA = YES;
				CLANG_WARN_CONSTANT_CONVERSION = YES;
				CLANG_WARN_DEPRECATED_OBJC_IMPLEMENTATIONS = YES;
				CLANG_WARN_DIRECT_OBJC_ISA_USAGE = YES_ERROR;
				CLANG_WARN_DOCUMENTATION_COMMENTS = YES;
				CLANG_WARN_EMPTY_BODY = YES;
				CLANG_WARN_ENUM_CONVERSION = YES;
				CLANG_WARN_INFINITE_RECURSION = YES;
				CLANG_WARN_INT_CONVERSION = YES;
				CLANG_WARN_NON_LITERAL_NULL_CONVERSION = YES;
				CLANG_WARN_OBJC_IMPLICIT_RETAIN_SELF = YES;
				CLANG_WARN_OBJC_LITERAL_CONVERSION = YES;
				CLANG_WARN_OBJC_ROOT_CLASS = YES_ERROR;
				CLANG_WARN_QUOTED_INCLUDE_IN_FRAMEWORK_HEADER = YES;
				CLANG_WARN_RANGE_LOOP_ANALYSIS = YES;
				CLANG_WARN_STRICT_PROTOTYPES = YES;
				CLANG_WARN_SUSPICIOUS_MOVE = YES;
				CLANG_WARN_UNGUARDED_AVAILABILITY = YES_AGGRESSIVE;
				CLANG_WARN_UNREACHABLE_CODE = YES;
				CLANG_WARN__DUPLICATE_METHOD_MATCH = YES;
				COPY_PHASE_STRIP = NO;
				DEBUG_INFORMATION_FORMAT = dwarf;
				ENABLE_STRICT_OBJC_MSGSEND = YES;
				ENABLE_TESTABILITY = YES;
				ENABLE_USER_SCRIPT_SANDBOXING = YES;
				GCC_C_LANGUAGE_STANDARD = gnu17;
				GCC_DYNAMIC_NO_PIC = NO;
				GCC_NO_COMMON_BLOCKS = YES;
				GCC_OPTIMIZATION_LEVEL = 0;
				GCC_PREPROCESSOR_DEFINITIONS = (
					"DEBUG=1",
					"$(inherited)",
				);
				GCC_WARN_64_TO_32_BIT_CONVERSION = YES;
				GCC_WARN_ABOUT_RETURN_TYPE = YES_ERROR;
				GCC_WARN_UNDECLARED_SELECTOR = YES;
				GCC_WARN_UNINITIALIZED_AUTOS = YES_AGGRESSIVE;
				GCC_WARN_UNUSED_FUNCTION = YES;
				GCC_WARN_UNUSED_VARIABLE = YES;
				IPHONEOS_DEPLOYMENT_TARGET = 18.5;
				LOCALIZATION_PREFERS_STRING_CATALOGS = YES;
				MTL_ENABLE_DEBUG_INFO = INCLUDE_SOURCE;
				MTL_FAST_MATH = YES;
				ONLY_ACTIVE_ARCH = YES;
				SDKROOT = iphoneos;
				SWIFT_ACTIVE_COMPILATION_CONDITIONS = "DEBUG $(inherited)";
				SWIFT_OPTIMIZATION_LEVEL = "-Onone";
			};
			name = Debug;
		};
		C52BF90B2E6A1774007C3F29 /* Release */ = {
			isa = XCBuildConfiguration;
			buildSettings = {
				ALWAYS_SEARCH_USER_PATHS = NO;
				ASSETCATALOG_COMPILER_GENERATE_SWIFT_ASSET_SYMBOL_EXTENSIONS = YES;
				CLANG_ANALYZER_NONNULL = YES;
				CLANG_ANALYZER_NUMBER_OBJECT_CONVERSION = YES_AGGRESSIVE;
				CLANG_CXX_LANGUAGE_STANDARD = "gnu++20";
				CLANG_ENABLE_MODULES = YES;
				CLANG_ENABLE_OBJC_ARC = YES;
				CLANG_ENABLE_OBJC_WEAK = YES;
				CLANG_WARN_BLOCK_CAPTURE_AUTORELEASING = YES;
				CLANG_WARN_BOOL_CONVERSION = YES;
				CLANG_WARN_COMMA = YES;
				CLANG_WARN_CONSTANT_CONVERSION = YES;
				CLANG_WARN_DEPRECATED_OBJC_IMPLEMENTATIONS = YES;
				CLANG_WARN_DIRECT_OBJC_ISA_USAGE = YES_ERROR;
				CLANG_WARN_DOCUMENTATION_COMMENTS = YES;
				CLANG_WARN_EMPTY_BODY = YES;
				CLANG_WARN_ENUM_CONVERSION = YES;
				CLANG_WARN_INFINITE_RECURSION = YES;
				CLANG_WARN_INT_CONVERSION = YES;
				CLANG_WARN_NON_LITERAL_NULL_CONVERSION = YES;
				CLANG_WARN_OBJC_IMPLICIT_RETAIN_SELF = YES;
				CLANG_WARN_OBJC_LITERAL_CONVERSION = YES;
				CLANG_WARN_OBJC_ROOT_CLASS = YES_ERROR;
				CLANG_WARN_QUOTED_INCLUDE_IN_FRAMEWORK_HEADER = YES;
				CLANG_WARN_RANGE_LOOP_ANALYSIS = YES;
				CLANG_WARN_STRICT_PROTOTYPES = YES;
				CLANG_WARN_SUSPICIOUS_MOVE = YES;
				CLANG_WARN_UNGUARDED_AVAILABILITY = YES_AGGRESSIVE;
				CLANG_WARN_UNREACHABLE_CODE = YES;
				CLANG_WARN__DUPLICATE_METHOD_MATCH = YES;
				COPY_PHASE_STRIP = NO;
				DEBUG_INFORMATION_FORMAT = "dwarf-with-dsym";
				ENABLE_NS_ASSERTIONS = NO;
				ENABLE_STRICT_OBJC_MSGSEND = YES;
				ENABLE_USER_SCRIPT_SANDBOXING = YES;
				GCC_C_LANGUAGE_STANDARD = gnu17;
				GCC_NO_COMMON_BLOCKS = YES;
				GCC_WARN_64_TO_32_BIT_CONVERSION = YES;
				GCC_WARN_ABOUT_RETURN_TYPE = YES_ERROR;
				GCC_WARN_UNDECLARED_SELECTOR = YES;
				GCC_WARN_UNINITIALIZED_AUTOS = YES_AGGRESSIVE;
				GCC_WARN_UNUSED_FUNCTION = YES;
				GCC_WARN_UNUSED_VARIABLE = YES;
				IPHONEOS_DEPLOYMENT_TARGET = 18.5;
				LOCALIZATION_PREFERS_STRING_CATALOGS = YES;
				MTL_ENABLE_DEBUG_INFO = NO;
				MTL_FAST_MATH = YES;
				SDKROOT = iphoneos;
				SWIFT_COMPILATION_MODE = wholemodule;
				VALIDATE_PRODUCT = YES;
			};
			name = Release;
		};
		C52BF90D2E6A1774007C3F29 /* Debug */ = {
			isa = XCBuildConfiguration;
			buildSettings = {
				ASSETCATALOG_COMPILER_APPICON_NAME = AppIcon;
				ASSETCATALOG_COMPILER_GLOBAL_ACCENT_COLOR_NAME = AccentColor;
				CODE_SIGN_STYLE = Automatic;
				CURRENT_PROJECT_VERSION = 1;
				DEVELOPMENT_TEAM = MZZKFWXTLQ;
				ENABLE_PREVIEWS = YES;
				GENERATE_INFOPLIST_FILE = YES;
				INFOPLIST_KEY_UIApplicationSceneManifest_Generation = YES;
				INFOPLIST_KEY_UIApplicationSupportsIndirectInputEvents = YES;
				INFOPLIST_KEY_UILaunchScreen_Generation = YES;
				INFOPLIST_KEY_UISupportedInterfaceOrientations_iPad = "UIInterfaceOrientationPortrait UIInterfaceOrientationPortraitUpsideDown UIInterfaceOrientationLandscapeLeft UIInterfaceOrientationLandscapeRight";
				INFOPLIST_KEY_UISupportedInterfaceOrientations_iPhone = "UIInterfaceOrientationPortrait UIInterfaceOrientationLandscapeLeft UIInterfaceOrientationLandscapeRight";
				LD_RUNPATH_SEARCH_PATHS = (
					"$(inherited)",
					"@executable_path/Frameworks",
				);
				MARKETING_VERSION = 1.0;
				PRODUCT_BUNDLE_IDENTIFIER = "MobileApps.Lock-In";
				PRODUCT_NAME = "$(TARGET_NAME)";
				SWIFT_EMIT_LOC_STRINGS = YES;
				SWIFT_VERSION = 5.0;
				TARGETED_DEVICE_FAMILY = "1,2";
			};
			name = Debug;
		};
		C52BF90E2E6A1774007C3F29 /* Release */ = {
			isa = XCBuildConfiguration;
			buildSettings = {
				ASSETCATALOG_COMPILER_APPICON_NAME = AppIcon;
				ASSETCATALOG_COMPILER_GLOBAL_ACCENT_COLOR_NAME = AccentColor;
				CODE_SIGN_STYLE = Automatic;
				CURRENT_PROJECT_VERSION = 1;
				DEVELOPMENT_TEAM = MZZKFWXTLQ;
				ENABLE_PREVIEWS = YES;
				GENERATE_INFOPLIST_FILE = YES;
				INFOPLIST_KEY_UIApplicationSceneManifest_Generation = YES;
				INFOPLIST_KEY_UIApplicationSupportsIndirectInputEvents = YES;
				INFOPLIST_KEY_UILaunchScreen_Generation = YES;
				INFOPLIST_KEY_UISupportedInterfaceOrientations_iPad = "UIInterfaceOrientationPortrait UIInterfaceOrientationPortraitUpsideDown UIInterfaceOrientationLandscapeLeft UIInterfaceOrientationLandscapeRight";
				INFOPLIST_KEY_UISupportedInterfaceOrientations_iPhone = "UIInterfaceOrientationPortrait UIInterfaceOrientationLandscapeLeft UIInterfaceOrientationLandscapeRight";
				LD_RUNPATH_SEARCH_PATHS = (
					"$(inherited)",
					"@executable_path/Frameworks",
				);
				MARKETING_VERSION = 1.0;
				PRODUCT_BUNDLE_IDENTIFIER = "MobileApps.Lock-In";
				PRODUCT_NAME = "$(TARGET_NAME)";
				SWIFT_EMIT_LOC_STRINGS = YES;
				SWIFT_VERSION = 5.0;
				TARGETED_DEVICE_FAMILY = "1,2";
			};
			name = Release;
		};
		C52BF9102E6A1774007C3F29 /* Debug */ = {
			isa = XCBuildConfiguration;
			buildSettings = {
				BUNDLE_LOADER = "$(TEST_HOST)";
				CODE_SIGN_STYLE = Automatic;
				CURRENT_PROJECT_VERSION = 1;
				GENERATE_INFOPLIST_FILE = YES;
				IPHONEOS_DEPLOYMENT_TARGET = 18.5;
				MARKETING_VERSION = 1.0;
				PRODUCT_BUNDLE_IDENTIFIER = "MobileApps.Lock-InTests";
				PRODUCT_NAME = "$(TARGET_NAME)";
				SWIFT_EMIT_LOC_STRINGS = NO;
				SWIFT_VERSION = 5.0;
				TARGETED_DEVICE_FAMILY = "1,2";
				TEST_HOST = "$(BUILT_PRODUCTS_DIR)/Lock In.app/$(BUNDLE_EXECUTABLE_FOLDER_PATH)/Lock In";
			};
			name = Debug;
		};
		C52BF9112E6A1774007C3F29 /* Release */ = {
			isa = XCBuildConfiguration;
			buildSettings = {
				BUNDLE_LOADER = "$(TEST_HOST)";
				CODE_SIGN_STYLE = Automatic;
				CURRENT_PROJECT_VERSION = 1;
				GENERATE_INFOPLIST_FILE = YES;
				IPHONEOS_DEPLOYMENT_TARGET = 18.5;
				MARKETING_VERSION = 1.0;
				PRODUCT_BUNDLE_IDENTIFIER = "MobileApps.Lock-InTests";
				PRODUCT_NAME = "$(TARGET_NAME)";
				SWIFT_EMIT_LOC_STRINGS = NO;
				SWIFT_VERSION = 5.0;
				TARGETED_DEVICE_FAMILY = "1,2";
				TEST_HOST = "$(BUILT_PRODUCTS_DIR)/Lock In.app/$(BUNDLE_EXECUTABLE_FOLDER_PATH)/Lock In";
			};
			name = Release;
		};
		C52BF9132E6A1774007C3F29 /* Debug */ = {
			isa = XCBuildConfiguration;
			buildSettings = {
				CODE_SIGN_STYLE = Automatic;
				CURRENT_PROJECT_VERSION = 1;
				GENERATE_INFOPLIST_FILE = YES;
				MARKETING_VERSION = 1.0;
				PRODUCT_BUNDLE_IDENTIFIER = "MobileApps.Lock-InUITests";
				PRODUCT_NAME = "$(TARGET_NAME)";
				SWIFT_EMIT_LOC_STRINGS = NO;
				SWIFT_VERSION = 5.0;
				TARGETED_DEVICE_FAMILY = "1,2";
				TEST_TARGET_NAME = "Lock In";
			};
			name = Debug;
		};
		C52BF9142E6A1774007C3F29 /* Release */ = {
			isa = XCBuildConfiguration;
			buildSettings = {
				CODE_SIGN_STYLE = Automatic;
				CURRENT_PROJECT_VERSION = 1;
				GENERATE_INFOPLIST_FILE = YES;
				MARKETING_VERSION = 1.0;
				PRODUCT_BUNDLE_IDENTIFIER = "MobileApps.Lock-InUITests";
				PRODUCT_NAME = "$(TARGET_NAME)";
				SWIFT_EMIT_LOC_STRINGS = NO;
				SWIFT_VERSION = 5.0;
				TARGETED_DEVICE_FAMILY = "1,2";
				TEST_TARGET_NAME = "Lock In";
			};
			name = Release;
		};
/* End XCBuildConfiguration section */

/* Begin XCConfigurationList section */
		C52BF8E62E6A1773007C3F29 /* Build configuration list for PBXProject "Lock In" */ = {
			isa = XCConfigurationList;
			buildConfigurations = (
				C52BF90A2E6A1774007C3F29 /* Debug */,
				C52BF90B2E6A1774007C3F29 /* Release */,
			);
			defaultConfigurationIsVisible = 0;
			defaultConfigurationName = Release;
		};
		C52BF90C2E6A1774007C3F29 /* Build configuration list for PBXNativeTarget "Lock In" */ = {
			isa = XCConfigurationList;
			buildConfigurations = (
				C52BF90D2E6A1774007C3F29 /* Debug */,
				C52BF90E2E6A1774007C3F29 /* Release */,
			);
			defaultConfigurationIsVisible = 0;
			defaultConfigurationName = Release;
		};
		C52BF90F2E6A1774007C3F29 /* Build configuration list for PBXNativeTarget "Lock InTests" */ = {
			isa = XCConfigurationList;
			buildConfigurations = (
				C52BF9102E6A1774007C3F29 /* Debug */,
				C52BF9112E6A1774007C3F29 /* Release */,
			);
			defaultConfigurationIsVisible = 0;
			defaultConfigurationName = Release;
		};
		C52BF9122E6A1774007C3F29 /* Build configuration list for PBXNativeTarget "Lock InUITests" */ = {
			isa = XCConfigurationList;
			buildConfigurations = (
				C52BF9132E6A1774007C3F29 /* Debug */,
				C52BF9142E6A1774007C3F29 /* Release */,
			);
			defaultConfigurationIsVisible = 0;
			defaultConfigurationName = Release;
		};
/* End XCConfigurationList section */

/* Begin XCRemoteSwiftPackageReference section */
		C52BF91B2E6A252F007C3F29 /* XCRemoteSwiftPackageReference "firebase-ios-sdk" */ = {
			isa = XCRemoteSwiftPackageReference;
			repositoryURL = "https://github.com/firebase/firebase-ios-sdk";
			requirement = {
				kind = upToNextMajorVersion;
				minimumVersion = 12.2.0;
			};
		};
/* End XCRemoteSwiftPackageReference section */

/* Begin XCSwiftPackageProductDependency section */
		C52BF91C2E6A252F007C3F29 /* FirebaseAI */ = {
			isa = XCSwiftPackageProductDependency;
			package = C52BF91B2E6A252F007C3F29 /* XCRemoteSwiftPackageReference "firebase-ios-sdk" */;
			productName = FirebaseAI;
		};
		C52BF91E2E6A252F007C3F29 /* FirebaseAnalytics */ = {
			isa = XCSwiftPackageProductDependency;
			package = C52BF91B2E6A252F007C3F29 /* XCRemoteSwiftPackageReference "firebase-ios-sdk" */;
			productName = FirebaseAnalytics;
		};
		C52BF9202E6A252F007C3F29 /* FirebaseAnalyticsCore */ = {
			isa = XCSwiftPackageProductDependency;
			package = C52BF91B2E6A252F007C3F29 /* XCRemoteSwiftPackageReference "firebase-ios-sdk" */;
			productName = FirebaseAnalyticsCore;
		};
		C52BF9222E6A252F007C3F29 /* FirebaseAppCheck */ = {
			isa = XCSwiftPackageProductDependency;
			package = C52BF91B2E6A252F007C3F29 /* XCRemoteSwiftPackageReference "firebase-ios-sdk" */;
			productName = FirebaseAppCheck;
		};
		C52BF9242E6A2A18007C3F29 /* FirebaseDatabase */ = {
			isa = XCSwiftPackageProductDependency;
			package = C52BF91B2E6A252F007C3F29 /* XCRemoteSwiftPackageReference "firebase-ios-sdk" */;
			productName = FirebaseDatabase;
		};
		C52BF9262E6A2A18007C3F29 /* FirebaseFirestore */ = {
			isa = XCSwiftPackageProductDependency;
			package = C52BF91B2E6A252F007C3F29 /* XCRemoteSwiftPackageReference "firebase-ios-sdk" */;
			productName = FirebaseFirestore;
		};
		C52BF9282E6A2B9D007C3F29 /* FirebaseFunctions */ = {
			isa = XCSwiftPackageProductDependency;
			package = C52BF91B2E6A252F007C3F29 /* XCRemoteSwiftPackageReference "firebase-ios-sdk" */;
			productName = FirebaseFunctions;
		};
		C52BF92C2E6AB8BC007C3F29 /* FirebaseAuth */ = {
			isa = XCSwiftPackageProductDependency;
			package = C52BF91B2E6A252F007C3F29 /* XCRemoteSwiftPackageReference "firebase-ios-sdk" */;
			productName = FirebaseAuth;
		};
/* End XCSwiftPackageProductDependency section */
	};
	rootObject = C52BF8E32E6A1773007C3F29 /* Project object */;
}
